
Microsoft Visual Studio Solution File, Format Version 12.00
# Visual Studio 14
VisualStudioVersion = 14.0.25420.1
MinimumVisualStudioVersion = 10.0.40219.1
Project("{2150E333-8FDC-42A3-9474-1A3956D46DE8}") = "Tools", "Tools", "{9EEDE95F-8333-4957-B270-02D3CD4629B5}"
EndProject
Project("{2150E333-8FDC-42A3-9474-1A3956D46DE8}") = "Libraries", "Libraries", "{8A8BCB21-B9E3-4B80-9A84-5282AC538745}"
EndProject
Project("{2150E333-8FDC-42A3-9474-1A3956D46DE8}") = "SynchrophasorAnalytics", "SynchrophasorAnalytics", "{90D1D11A-3FB2-4B3C-A126-98DC4C5D0577}"
EndProject
Project("{FAE04EC0-301F-11D3-BF4B-00C04F79EFBC}") = "SynchrophasorAnalytics", "Libraries\SynchrophasorAnalytics\SynchrophasorAnalytics.csproj", "{7E806A7D-20C8-4CDE-A1F8-4A92D1BC89F4}"
EndProject
Project("{2150E333-8FDC-42A3-9474-1A3956D46DE8}") = "NetworkModelEditor", "NetworkModelEditor", "{6FF7CDC1-75BA-4165-9AC6-D54CBD9C5BE2}"
EndProject
Project("{FAE04EC0-301F-11D3-BF4B-00C04F79EFBC}") = "NetworkModelEditor", "Tools\NetworkModelEditor\NetworkModelEditor.csproj", "{D3DBE8F4-2674-4AC3-BD41-846288F103A7}"
EndProject
Project("{2150E333-8FDC-42A3-9474-1A3956D46DE8}") = "GsfAdapters", "GsfAdapters", "{0BD0F107-7F5D-4F32-86C0-6A7EC4EE630F}"
EndProject
Project("{FAE04EC0-301F-11D3-BF4B-00C04F79EFBC}") = "GsfAdapters", "Libraries\GsfAdapters\GsfAdapters.csproj", "{6B04E063-6452-4B0B-80BB-6034C238EA02}"
EndProject
Project("{2150E333-8FDC-42A3-9474-1A3956D46DE8}") = "Database", "Database", "{90D0185A-1118-43D0-AD4B-3648B0FE043F}"
EndProject
Project("{00D1A9C2-B5F0-4AF3-8072-F6C62B433612}") = "SynchrophasorAnalyticsDatabase", "Libraries\Database\SynchrophasorAnalyticsDatabase.sqlproj", "{469AFE96-1707-47D1-81E2-F017E4DFF4B5}"
EndProject
Project("{FAE04EC0-301F-11D3-BF4B-00C04F79EFBC}") = "MeasurementSampler", "MeasurementSampler\MeasurementSampler.csproj", "{B250D920-493B-431D-BEA3-72DBC3A301B4}"
EndProject
Project("{2150E333-8FDC-42A3-9474-1A3956D46DE8}") = "Solution Items", "Solution Items", "{D131BBAE-FE04-499F-9F84-E6C57A80AE26}"
	ProjectSection(SolutionItems) = preProject
		LseUserDefinedMappings.ecamap.txt = LseUserDefinedMappings.ecamap.txt
		LseUserDefinedTypes.ecaidl = LseUserDefinedTypes.ecaidl
		move_build_output.bat = move_build_output.bat
	EndProjectSection
EndProject
Project("{2150E333-8FDC-42A3-9474-1A3956D46DE8}") = "Dependencies", "Dependencies", "{E3B25C82-0E73-4B9D-8C99-B3F99F494517}"
	ProjectSection(SolutionItems) = preProject
		Dependencies\Antlr3.Runtime.dll = Dependencies\Antlr3.Runtime.dll
		Dependencies\ECAClientFramework.dll = Dependencies\ECAClientFramework.dll
		Dependencies\ECAClientUtilities.dll = Dependencies\ECAClientUtilities.dll
		Dependencies\ECACommonUtilities.dll = Dependencies\ECACommonUtilities.dll
		Dependencies\ExpressionEvaluator.dll = Dependencies\ExpressionEvaluator.dll
		Dependencies\GSF.Communication.dll = Dependencies\GSF.Communication.dll
		Dependencies\GSF.Core.dll = Dependencies\GSF.Core.dll
		Dependencies\GSF.PhasorProtocols.dll = Dependencies\GSF.PhasorProtocols.dll
		Dependencies\GSF.Security.dll = Dependencies\GSF.Security.dll
		Dependencies\GSF.ServiceProcess.dll = Dependencies\GSF.ServiceProcess.dll
		Dependencies\GSF.TimeSeries.dll = Dependencies\GSF.TimeSeries.dll
		Dependencies\MathNet.Numerics.Data.Matlab.dll = Dependencies\MathNet.Numerics.Data.Matlab.dll
		Dependencies\MathNet.Numerics.dll = Dependencies\MathNet.Numerics.dll
		Dependencies\ZeroMQ.dll = Dependencies\ZeroMQ.dll
	EndProjectSection
EndProject
Global
	GlobalSection(SolutionConfigurationPlatforms) = preSolution
		Debug|Any CPU = Debug|Any CPU
		Debug|x64 = Debug|x64
		Debug|x86 = Debug|x86
		Deploy|Any CPU = Deploy|Any CPU
		Deploy|x64 = Deploy|x64
		Deploy|x86 = Deploy|x86
		Mono|Any CPU = Mono|Any CPU
		Mono|x64 = Mono|x64
		Mono|x86 = Mono|x86
		Release|Any CPU = Release|Any CPU
		Release|x64 = Release|x64
		Release|x86 = Release|x86
	EndGlobalSection
	GlobalSection(ProjectConfigurationPlatforms) = postSolution
		{7E806A7D-20C8-4CDE-A1F8-4A92D1BC89F4}.Debug|Any CPU.ActiveCfg = Debug|Any CPU
		{7E806A7D-20C8-4CDE-A1F8-4A92D1BC89F4}.Debug|Any CPU.Build.0 = Debug|Any CPU
		{7E806A7D-20C8-4CDE-A1F8-4A92D1BC89F4}.Debug|x64.ActiveCfg = Debug|x64
		{7E806A7D-20C8-4CDE-A1F8-4A92D1BC89F4}.Debug|x64.Build.0 = Debug|x64
		{7E806A7D-20C8-4CDE-A1F8-4A92D1BC89F4}.Debug|x86.ActiveCfg = Debug|x86
		{7E806A7D-20C8-4CDE-A1F8-4A92D1BC89F4}.Debug|x86.Build.0 = Debug|x86
		{7E806A7D-20C8-4CDE-A1F8-4A92D1BC89F4}.Deploy|Any CPU.ActiveCfg = Debug|Any CPU
		{7E806A7D-20C8-4CDE-A1F8-4A92D1BC89F4}.Deploy|Any CPU.Build.0 = Debug|Any CPU
		{7E806A7D-20C8-4CDE-A1F8-4A92D1BC89F4}.Deploy|x64.ActiveCfg = Debug|x64
		{7E806A7D-20C8-4CDE-A1F8-4A92D1BC89F4}.Deploy|x64.Build.0 = Debug|x64
		{7E806A7D-20C8-4CDE-A1F8-4A92D1BC89F4}.Deploy|x86.ActiveCfg = Debug|x86
		{7E806A7D-20C8-4CDE-A1F8-4A92D1BC89F4}.Deploy|x86.Build.0 = Debug|x86
		{7E806A7D-20C8-4CDE-A1F8-4A92D1BC89F4}.Mono|Any CPU.ActiveCfg = Release|Any CPU
		{7E806A7D-20C8-4CDE-A1F8-4A92D1BC89F4}.Mono|Any CPU.Build.0 = Release|Any CPU
		{7E806A7D-20C8-4CDE-A1F8-4A92D1BC89F4}.Mono|x64.ActiveCfg = Release|x64
		{7E806A7D-20C8-4CDE-A1F8-4A92D1BC89F4}.Mono|x64.Build.0 = Release|x64
		{7E806A7D-20C8-4CDE-A1F8-4A92D1BC89F4}.Mono|x86.ActiveCfg = Release|x86
		{7E806A7D-20C8-4CDE-A1F8-4A92D1BC89F4}.Mono|x86.Build.0 = Release|x86
		{7E806A7D-20C8-4CDE-A1F8-4A92D1BC89F4}.Release|Any CPU.ActiveCfg = Release|Any CPU
		{7E806A7D-20C8-4CDE-A1F8-4A92D1BC89F4}.Release|Any CPU.Build.0 = Release|Any CPU
		{7E806A7D-20C8-4CDE-A1F8-4A92D1BC89F4}.Release|x64.ActiveCfg = Release|x64
		{7E806A7D-20C8-4CDE-A1F8-4A92D1BC89F4}.Release|x64.Build.0 = Release|x64
		{7E806A7D-20C8-4CDE-A1F8-4A92D1BC89F4}.Release|x86.ActiveCfg = Release|x86
		{7E806A7D-20C8-4CDE-A1F8-4A92D1BC89F4}.Release|x86.Build.0 = Release|x86
		{D3DBE8F4-2674-4AC3-BD41-846288F103A7}.Debug|Any CPU.ActiveCfg = Debug|Any CPU
		{D3DBE8F4-2674-4AC3-BD41-846288F103A7}.Debug|Any CPU.Build.0 = Debug|Any CPU
		{D3DBE8F4-2674-4AC3-BD41-846288F103A7}.Debug|x64.ActiveCfg = Debug|Any CPU
		{D3DBE8F4-2674-4AC3-BD41-846288F103A7}.Debug|x64.Build.0 = Debug|Any CPU
		{D3DBE8F4-2674-4AC3-BD41-846288F103A7}.Debug|x86.ActiveCfg = Debug|Any CPU
		{D3DBE8F4-2674-4AC3-BD41-846288F103A7}.Debug|x86.Build.0 = Debug|Any CPU
		{D3DBE8F4-2674-4AC3-BD41-846288F103A7}.Deploy|Any CPU.ActiveCfg = Debug|Any CPU
		{D3DBE8F4-2674-4AC3-BD41-846288F103A7}.Deploy|Any CPU.Build.0 = Debug|Any CPU
		{D3DBE8F4-2674-4AC3-BD41-846288F103A7}.Deploy|x64.ActiveCfg = Debug|Any CPU
		{D3DBE8F4-2674-4AC3-BD41-846288F103A7}.Deploy|x64.Build.0 = Debug|Any CPU
		{D3DBE8F4-2674-4AC3-BD41-846288F103A7}.Deploy|x86.ActiveCfg = Debug|Any CPU
		{D3DBE8F4-2674-4AC3-BD41-846288F103A7}.Deploy|x86.Build.0 = Debug|Any CPU
		{D3DBE8F4-2674-4AC3-BD41-846288F103A7}.Mono|Any CPU.ActiveCfg = Release|Any CPU
		{D3DBE8F4-2674-4AC3-BD41-846288F103A7}.Mono|Any CPU.Build.0 = Release|Any CPU
		{D3DBE8F4-2674-4AC3-BD41-846288F103A7}.Mono|x64.ActiveCfg = Release|Any CPU
		{D3DBE8F4-2674-4AC3-BD41-846288F103A7}.Mono|x64.Build.0 = Release|Any CPU
		{D3DBE8F4-2674-4AC3-BD41-846288F103A7}.Mono|x86.ActiveCfg = Release|Any CPU
		{D3DBE8F4-2674-4AC3-BD41-846288F103A7}.Mono|x86.Build.0 = Release|Any CPU
		{D3DBE8F4-2674-4AC3-BD41-846288F103A7}.Release|Any CPU.ActiveCfg = Release|Any CPU
		{D3DBE8F4-2674-4AC3-BD41-846288F103A7}.Release|Any CPU.Build.0 = Release|Any CPU
		{D3DBE8F4-2674-4AC3-BD41-846288F103A7}.Release|x64.ActiveCfg = Release|Any CPU
		{D3DBE8F4-2674-4AC3-BD41-846288F103A7}.Release|x64.Build.0 = Release|Any CPU
		{D3DBE8F4-2674-4AC3-BD41-846288F103A7}.Release|x86.ActiveCfg = Release|Any CPU
		{D3DBE8F4-2674-4AC3-BD41-846288F103A7}.Release|x86.Build.0 = Release|Any CPU
		{6B04E063-6452-4B0B-80BB-6034C238EA02}.Debug|Any CPU.ActiveCfg = Debug|Any CPU
		{6B04E063-6452-4B0B-80BB-6034C238EA02}.Debug|Any CPU.Build.0 = Debug|Any CPU
		{6B04E063-6452-4B0B-80BB-6034C238EA02}.Debug|x64.ActiveCfg = Debug|Any CPU
		{6B04E063-6452-4B0B-80BB-6034C238EA02}.Debug|x64.Build.0 = Debug|Any CPU
		{6B04E063-6452-4B0B-80BB-6034C238EA02}.Debug|x86.ActiveCfg = Debug|Any CPU
		{6B04E063-6452-4B0B-80BB-6034C238EA02}.Debug|x86.Build.0 = Debug|Any CPU
		{6B04E063-6452-4B0B-80BB-6034C238EA02}.Deploy|Any CPU.ActiveCfg = Debug|Any CPU
		{6B04E063-6452-4B0B-80BB-6034C238EA02}.Deploy|Any CPU.Build.0 = Debug|Any CPU
		{6B04E063-6452-4B0B-80BB-6034C238EA02}.Deploy|x64.ActiveCfg = Debug|Any CPU
		{6B04E063-6452-4B0B-80BB-6034C238EA02}.Deploy|x64.Build.0 = Debug|Any CPU
		{6B04E063-6452-4B0B-80BB-6034C238EA02}.Deploy|x86.ActiveCfg = Debug|Any CPU
		{6B04E063-6452-4B0B-80BB-6034C238EA02}.Deploy|x86.Build.0 = Debug|Any CPU
		{6B04E063-6452-4B0B-80BB-6034C238EA02}.Mono|Any CPU.ActiveCfg = Release|Any CPU
		{6B04E063-6452-4B0B-80BB-6034C238EA02}.Mono|Any CPU.Build.0 = Release|Any CPU
		{6B04E063-6452-4B0B-80BB-6034C238EA02}.Mono|x64.ActiveCfg = Release|Any CPU
		{6B04E063-6452-4B0B-80BB-6034C238EA02}.Mono|x64.Build.0 = Release|Any CPU
		{6B04E063-6452-4B0B-80BB-6034C238EA02}.Mono|x86.ActiveCfg = Release|Any CPU
		{6B04E063-6452-4B0B-80BB-6034C238EA02}.Mono|x86.Build.0 = Release|Any CPU
		{6B04E063-6452-4B0B-80BB-6034C238EA02}.Release|Any CPU.ActiveCfg = Release|Any CPU
		{6B04E063-6452-4B0B-80BB-6034C238EA02}.Release|Any CPU.Build.0 = Release|Any CPU
		{6B04E063-6452-4B0B-80BB-6034C238EA02}.Release|x64.ActiveCfg = Release|Any CPU
		{6B04E063-6452-4B0B-80BB-6034C238EA02}.Release|x64.Build.0 = Release|Any CPU
		{6B04E063-6452-4B0B-80BB-6034C238EA02}.Release|x86.ActiveCfg = Release|Any CPU
		{6B04E063-6452-4B0B-80BB-6034C238EA02}.Release|x86.Build.0 = Release|Any CPU
		{469AFE96-1707-47D1-81E2-F017E4DFF4B5}.Debug|Any CPU.ActiveCfg = Debug|Any CPU
		{469AFE96-1707-47D1-81E2-F017E4DFF4B5}.Debug|Any CPU.Build.0 = Debug|Any CPU
		{469AFE96-1707-47D1-81E2-F017E4DFF4B5}.Debug|Any CPU.Deploy.0 = Debug|Any CPU
		{469AFE96-1707-47D1-81E2-F017E4DFF4B5}.Debug|x64.ActiveCfg = Debug|Any CPU
		{469AFE96-1707-47D1-81E2-F017E4DFF4B5}.Debug|x64.Build.0 = Debug|Any CPU
		{469AFE96-1707-47D1-81E2-F017E4DFF4B5}.Debug|x64.Deploy.0 = Debug|Any CPU
		{469AFE96-1707-47D1-81E2-F017E4DFF4B5}.Debug|x86.ActiveCfg = Debug|Any CPU
		{469AFE96-1707-47D1-81E2-F017E4DFF4B5}.Debug|x86.Build.0 = Debug|Any CPU
		{469AFE96-1707-47D1-81E2-F017E4DFF4B5}.Debug|x86.Deploy.0 = Debug|Any CPU
		{469AFE96-1707-47D1-81E2-F017E4DFF4B5}.Deploy|Any CPU.ActiveCfg = Debug|Any CPU
		{469AFE96-1707-47D1-81E2-F017E4DFF4B5}.Deploy|Any CPU.Build.0 = Debug|Any CPU
		{469AFE96-1707-47D1-81E2-F017E4DFF4B5}.Deploy|Any CPU.Deploy.0 = Debug|Any CPU
		{469AFE96-1707-47D1-81E2-F017E4DFF4B5}.Deploy|x64.ActiveCfg = Debug|Any CPU
		{469AFE96-1707-47D1-81E2-F017E4DFF4B5}.Deploy|x64.Build.0 = Debug|Any CPU
		{469AFE96-1707-47D1-81E2-F017E4DFF4B5}.Deploy|x64.Deploy.0 = Debug|Any CPU
		{469AFE96-1707-47D1-81E2-F017E4DFF4B5}.Deploy|x86.ActiveCfg = Debug|Any CPU
		{469AFE96-1707-47D1-81E2-F017E4DFF4B5}.Deploy|x86.Build.0 = Debug|Any CPU
		{469AFE96-1707-47D1-81E2-F017E4DFF4B5}.Deploy|x86.Deploy.0 = Debug|Any CPU
		{469AFE96-1707-47D1-81E2-F017E4DFF4B5}.Mono|Any CPU.ActiveCfg = Debug|Any CPU
		{469AFE96-1707-47D1-81E2-F017E4DFF4B5}.Mono|Any CPU.Build.0 = Debug|Any CPU
		{469AFE96-1707-47D1-81E2-F017E4DFF4B5}.Mono|Any CPU.Deploy.0 = Debug|Any CPU
		{469AFE96-1707-47D1-81E2-F017E4DFF4B5}.Mono|x64.ActiveCfg = Debug|Any CPU
		{469AFE96-1707-47D1-81E2-F017E4DFF4B5}.Mono|x64.Build.0 = Debug|Any CPU
		{469AFE96-1707-47D1-81E2-F017E4DFF4B5}.Mono|x64.Deploy.0 = Debug|Any CPU
		{469AFE96-1707-47D1-81E2-F017E4DFF4B5}.Mono|x86.ActiveCfg = Debug|Any CPU
		{469AFE96-1707-47D1-81E2-F017E4DFF4B5}.Mono|x86.Build.0 = Debug|Any CPU
		{469AFE96-1707-47D1-81E2-F017E4DFF4B5}.Mono|x86.Deploy.0 = Debug|Any CPU
		{469AFE96-1707-47D1-81E2-F017E4DFF4B5}.Release|Any CPU.ActiveCfg = Release|Any CPU
		{469AFE96-1707-47D1-81E2-F017E4DFF4B5}.Release|Any CPU.Build.0 = Release|Any CPU
		{469AFE96-1707-47D1-81E2-F017E4DFF4B5}.Release|Any CPU.Deploy.0 = Release|Any CPU
		{469AFE96-1707-47D1-81E2-F017E4DFF4B5}.Release|x64.ActiveCfg = Release|Any CPU
		{469AFE96-1707-47D1-81E2-F017E4DFF4B5}.Release|x64.Build.0 = Release|Any CPU
		{469AFE96-1707-47D1-81E2-F017E4DFF4B5}.Release|x64.Deploy.0 = Release|Any CPU
		{469AFE96-1707-47D1-81E2-F017E4DFF4B5}.Release|x86.ActiveCfg = Release|Any CPU
		{469AFE96-1707-47D1-81E2-F017E4DFF4B5}.Release|x86.Build.0 = Release|Any CPU
		{469AFE96-1707-47D1-81E2-F017E4DFF4B5}.Release|x86.Deploy.0 = Release|Any CPU
		{B250D920-493B-431D-BEA3-72DBC3A301B4}.Debug|Any CPU.ActiveCfg = Debug|Any CPU
		{B250D920-493B-431D-BEA3-72DBC3A301B4}.Debug|Any CPU.Build.0 = Debug|Any CPU
		{B250D920-493B-431D-BEA3-72DBC3A301B4}.Debug|x64.ActiveCfg = Debug|Any CPU
		{B250D920-493B-431D-BEA3-72DBC3A301B4}.Debug|x64.Build.0 = Debug|Any CPU
		{B250D920-493B-431D-BEA3-72DBC3A301B4}.Debug|x86.ActiveCfg = Debug|Any CPU
		{B250D920-493B-431D-BEA3-72DBC3A301B4}.Debug|x86.Build.0 = Debug|Any CPU
		{B250D920-493B-431D-BEA3-72DBC3A301B4}.Deploy|Any CPU.ActiveCfg = Debug|Any CPU
		{B250D920-493B-431D-BEA3-72DBC3A301B4}.Deploy|Any CPU.Build.0 = Debug|Any CPU
		{B250D920-493B-431D-BEA3-72DBC3A301B4}.Deploy|x64.ActiveCfg = Debug|Any CPU
		{B250D920-493B-431D-BEA3-72DBC3A301B4}.Deploy|x64.Build.0 = Debug|Any CPU
		{B250D920-493B-431D-BEA3-72DBC3A301B4}.Deploy|x86.ActiveCfg = Debug|Any CPU
		{B250D920-493B-431D-BEA3-72DBC3A301B4}.Deploy|x86.Build.0 = Debug|Any CPU
		{B250D920-493B-431D-BEA3-72DBC3A301B4}.Mono|Any CPU.ActiveCfg = Release|Any CPU
		{B250D920-493B-431D-BEA3-72DBC3A301B4}.Mono|Any CPU.Build.0 = Release|Any CPU
		{B250D920-493B-431D-BEA3-72DBC3A301B4}.Mono|x64.ActiveCfg = Release|Any CPU
		{B250D920-493B-431D-BEA3-72DBC3A301B4}.Mono|x64.Build.0 = Release|Any CPU
		{B250D920-493B-431D-BEA3-72DBC3A301B4}.Mono|x86.ActiveCfg = Release|Any CPU
		{B250D920-493B-431D-BEA3-72DBC3A301B4}.Mono|x86.Build.0 = Release|Any CPU
		{B250D920-493B-431D-BEA3-72DBC3A301B4}.Release|Any CPU.ActiveCfg = Release|Any CPU
		{B250D920-493B-431D-BEA3-72DBC3A301B4}.Release|Any CPU.Build.0 = Release|Any CPU
		{B250D920-493B-431D-BEA3-72DBC3A301B4}.Release|x64.ActiveCfg = Release|Any CPU
		{B250D920-493B-431D-BEA3-72DBC3A301B4}.Release|x64.Build.0 = Release|Any CPU
		{B250D920-493B-431D-BEA3-72DBC3A301B4}.Release|x86.ActiveCfg = Release|Any CPU
		{B250D920-493B-431D-BEA3-72DBC3A301B4}.Release|x86.Build.0 = Release|Any CPU
	EndGlobalSection
	GlobalSection(SolutionProperties) = preSolution
		HideSolutionNode = FALSE
	EndGlobalSection
	GlobalSection(NestedProjects) = preSolution
		{90D1D11A-3FB2-4B3C-A126-98DC4C5D0577} = {8A8BCB21-B9E3-4B80-9A84-5282AC538745}
		{7E806A7D-20C8-4CDE-A1F8-4A92D1BC89F4} = {90D1D11A-3FB2-4B3C-A126-98DC4C5D0577}
		{6FF7CDC1-75BA-4165-9AC6-D54CBD9C5BE2} = {9EEDE95F-8333-4957-B270-02D3CD4629B5}
		{D3DBE8F4-2674-4AC3-BD41-846288F103A7} = {6FF7CDC1-75BA-4165-9AC6-D54CBD9C5BE2}
		{0BD0F107-7F5D-4F32-86C0-6A7EC4EE630F} = {8A8BCB21-B9E3-4B80-9A84-5282AC538745}
		{6B04E063-6452-4B0B-80BB-6034C238EA02} = {0BD0F107-7F5D-4F32-86C0-6A7EC4EE630F}
		{90D0185A-1118-43D0-AD4B-3648B0FE043F} = {8A8BCB21-B9E3-4B80-9A84-5282AC538745}
		{469AFE96-1707-47D1-81E2-F017E4DFF4B5} = {90D0185A-1118-43D0-AD4B-3648B0FE043F}
		{B250D920-493B-431D-BEA3-72DBC3A301B4} = {6FF7CDC1-75BA-4165-9AC6-D54CBD9C5BE2}
	EndGlobalSection
EndGlobal
